
Microsoft Visual Studio Solution File, Format Version 12.00
# Visual Studio Version 16
VisualStudioVersion = 16.0.31515.178
MinimumVisualStudioVersion = 10.0.40219.1
Project("{FAE04EC0-301F-11D3-BF4B-00C04F79EFBC}") = "WSStatServer", "WSStatServer\WSStatServer.csproj", "{DAC1E89D-47EB-4DF7-95EE-D35A87E8DC7E}"
EndProject
Project("{FAE04EC0-301F-11D3-BF4B-00C04F79EFBC}") = "ServiceStatServer", "ServiceStatServer\ServiceStatServer.csproj", "{FA48DA0C-5CA5-4794-8DB3-E2A132A83110}"
EndProject
Global
	GlobalSection(SolutionConfigurationPlatforms) = preSolution
		Debug|Any CPU = Debug|Any CPU
		Release|Any CPU = Release|Any CPU
	EndGlobalSection
	GlobalSection(ProjectConfigurationPlatforms) = postSolution
		{DAC1E89D-47EB-4DF7-95EE-D35A87E8DC7E}.Debug|Any CPU.ActiveCfg = Debug|Any CPU
		{DAC1E89D-47EB-4DF7-95EE-D35A87E8DC7E}.Debug|Any CPU.Build.0 = Debug|Any CPU
		{DAC1E89D-47EB-4DF7-95EE-D35A87E8DC7E}.Release|Any CPU.ActiveCfg = Release|Any CPU
		{DAC1E89D-47EB-4DF7-95EE-D35A87E8DC7E}.Release|Any CPU.Build.0 = Release|Any CPU
		{FA48DA0C-5CA5-4794-8DB3-E2A132A83110}.Debug|Any CPU.ActiveCfg = Debug|Any CPU
		{FA48DA0C-5CA5-4794-8DB3-E2A132A83110}.Debug|Any CPU.Build.0 = Debug|Any CPU
		{FA48DA0C-5CA5-4794-8DB3-E2A132A83110}.Release|Any CPU.ActiveCfg = Release|Any CPU
		{FA48DA0C-5CA5-4794-8DB3-E2A132A83110}.Release|Any CPU.Build.0 = Release|Any CPU
	EndGlobalSection
	GlobalSection(SolutionProperties) = preSolution
		HideSolutionNode = FALSE
	EndGlobalSection
	GlobalSection(ExtensibilityGlobals) = postSolution
		SolutionGuid = {AF265921-3E8C-41B9-AEB6-7633F0CE5D34}
	EndGlobalSection
EndGlobal
